
Microsoft Visual Studio Solution File, Format Version 12.00
# Visual Studio Version 17
VisualStudioVersion = 17.0.31903.59
MinimumVisualStudioVersion = 10.0.40219.1
Project("{FAE04EC0-301F-11D3-BF4B-00C04F79EFBC}") = "Identity.WebApp", "Identity.WebApp\Identity.WebApp.csproj", "{BE5E4334-F1F5-43BE-AF27-3FAB61E551D1}"
EndProject
Project("{FAE04EC0-301F-11D3-BF4B-00C04F79EFBC}") = "Identity.API", "Identity.API\Identity.API.csproj", "{015F6DB7-9EDF-41B0-BE01-D87D3840E336}"
EndProject
Project("{FAE04EC0-301F-11D3-BF4B-00C04F79EFBC}") = "Identity.Domain", "Identity.Domain\Identity.Domain.csproj", "{BD72D427-FD8F-4C89-BE72-F7923FF32E74}"
EndProject
Project("{FAE04EC0-301F-11D3-BF4B-00C04F79EFBC}") = "Identity.Infra", "Identity.Infra\Identity.Infra.csproj", "{D15BEBA1-2E76-4497-B5A6-1D55AF4A0908}"
EndProject
Global
	GlobalSection(SolutionConfigurationPlatforms) = preSolution
		Debug|Any CPU = Debug|Any CPU
		Release|Any CPU = Release|Any CPU
	EndGlobalSection
	GlobalSection(SolutionProperties) = preSolution
		HideSolutionNode = FALSE
	EndGlobalSection
	GlobalSection(ProjectConfigurationPlatforms) = postSolution
		{BE5E4334-F1F5-43BE-AF27-3FAB61E551D1}.Debug|Any CPU.ActiveCfg = Debug|Any CPU
		{BE5E4334-F1F5-43BE-AF27-3FAB61E551D1}.Debug|Any CPU.Build.0 = Debug|Any CPU
		{BE5E4334-F1F5-43BE-AF27-3FAB61E551D1}.Release|Any CPU.ActiveCfg = Release|Any CPU
		{BE5E4334-F1F5-43BE-AF27-3FAB61E551D1}.Release|Any CPU.Build.0 = Release|Any CPU
		{8FC7A9AC-A678-46A2-848C-6023B893A33F}.Debug|Any CPU.ActiveCfg = Debug|Any CPU
		{8FC7A9AC-A678-46A2-848C-6023B893A33F}.Debug|Any CPU.Build.0 = Debug|Any CPU
		{8FC7A9AC-A678-46A2-848C-6023B893A33F}.Release|Any CPU.ActiveCfg = Release|Any CPU
		{8FC7A9AC-A678-46A2-848C-6023B893A33F}.Release|Any CPU.Build.0 = Release|Any CPU
		{015F6DB7-9EDF-41B0-BE01-D87D3840E336}.Debug|Any CPU.ActiveCfg = Debug|Any CPU
		{015F6DB7-9EDF-41B0-BE01-D87D3840E336}.Debug|Any CPU.Build.0 = Debug|Any CPU
		{015F6DB7-9EDF-41B0-BE01-D87D3840E336}.Release|Any CPU.ActiveCfg = Release|Any CPU
		{015F6DB7-9EDF-41B0-BE01-D87D3840E336}.Release|Any CPU.Build.0 = Release|Any CPU
		{BD72D427-FD8F-4C89-BE72-F7923FF32E74}.Debug|Any CPU.ActiveCfg = Debug|Any CPU
		{BD72D427-FD8F-4C89-BE72-F7923FF32E74}.Debug|Any CPU.Build.0 = Debug|Any CPU
		{BD72D427-FD8F-4C89-BE72-F7923FF32E74}.Release|Any CPU.ActiveCfg = Release|Any CPU
		{BD72D427-FD8F-4C89-BE72-F7923FF32E74}.Release|Any CPU.Build.0 = Release|Any CPU
		{D15BEBA1-2E76-4497-B5A6-1D55AF4A0908}.Debug|Any CPU.ActiveCfg = Debug|Any CPU
		{D15BEBA1-2E76-4497-B5A6-1D55AF4A0908}.Debug|Any CPU.Build.0 = Debug|Any CPU
		{D15BEBA1-2E76-4497-B5A6-1D55AF4A0908}.Release|Any CPU.ActiveCfg = Release|Any CPU
		{D15BEBA1-2E76-4497-B5A6-1D55AF4A0908}.Release|Any CPU.Build.0 = Release|Any CPU
	EndGlobalSection
EndGlobal
